// !$*UTF8*$!
{
	archiveVersion = 1;
	classes = {
	};
	objectVersion = 52;
	objects = {

/* Begin PBXBuildFile section */
		A30A704D25E13DC100A9C945 /* PagingTweetsApp.swift in Sources */ = {isa = PBXBuildFile; fileRef = A30A704C25E13DC100A9C945 /* PagingTweetsApp.swift */; };
		A30A704F25E13DC100A9C945 /* ContentView.swift in Sources */ = {isa = PBXBuildFile; fileRef = A30A704E25E13DC100A9C945 /* ContentView.swift */; };
		A30A705125E13DC300A9C945 /* Assets.xcassets in Resources */ = {isa = PBXBuildFile; fileRef = A30A705025E13DC300A9C945 /* Assets.xcassets */; };
		A30A705425E13DC300A9C945 /* Preview Assets.xcassets in Resources */ = {isa = PBXBuildFile; fileRef = A30A705325E13DC300A9C945 /* Preview Assets.xcassets */; };
		A30A705F25E13DC300A9C945 /* PagingTweetsTests.swift in Sources */ = {isa = PBXBuildFile; fileRef = A30A705E25E13DC300A9C945 /* PagingTweetsTests.swift */; };
		A30A706A25E13DC300A9C945 /* PagingTweetsUITests.swift in Sources */ = {isa = PBXBuildFile; fileRef = A30A706925E13DC300A9C945 /* PagingTweetsUITests.swift */; };
		A30A707B25E13E2400A9C945 /* TweetView.swift in Sources */ = {isa = PBXBuildFile; fileRef = A30A707A25E13E2400A9C945 /* TweetView.swift */; };
		A3D2721F25EEE0DF00422591 /* README.md in Resources */ = {isa = PBXBuildFile; fileRef = A3D2721E25EEE0DF00422591 /* README.md */; };
		A3D2722C25EEF00D00422591 /* Tweet.swift in Sources */ = {isa = PBXBuildFile; fileRef = A3D2722B25EEF00C00422591 /* Tweet.swift */; };
		A3D2723725EEF17B00422591 /* Extensions.swift in Sources */ = {isa = PBXBuildFile; fileRef = A3D2723625EEF17B00422591 /* Extensions.swift */; };
		A3E90F2D25F193DE00692CD3 /* ComposableArchitecture in Frameworks */ = {isa = PBXBuildFile; productRef = A3E90F2C25F193DE00692CD3 /* ComposableArchitecture */; };
/* End PBXBuildFile section */

/* Begin PBXContainerItemProxy section */
		A30A705B25E13DC300A9C945 /* PBXContainerItemProxy */ = {
			isa = PBXContainerItemProxy;
			containerPortal = A30A704125E13DC100A9C945 /* Project object */;
			proxyType = 1;
			remoteGlobalIDString = A30A704825E13DC100A9C945;
			remoteInfo = PagingTweets;
		};
		A30A706625E13DC300A9C945 /* PBXContainerItemProxy */ = {
			isa = PBXContainerItemProxy;
			containerPortal = A30A704125E13DC100A9C945 /* Project object */;
			proxyType = 1;
			remoteGlobalIDString = A30A704825E13DC100A9C945;
			remoteInfo = PagingTweets;
		};
/* End PBXContainerItemProxy section */

/* Begin PBXFileReference section */
		A30A704925E13DC100A9C945 /* PagingTweets.app */ = {isa = PBXFileReference; explicitFileType = wrapper.application; includeInIndex = 0; path = PagingTweets.app; sourceTree = BUILT_PRODUCTS_DIR; };
		A30A704C25E13DC100A9C945 /* PagingTweetsApp.swift */ = {isa = PBXFileReference; lastKnownFileType = sourcecode.swift; path = PagingTweetsApp.swift; sourceTree = "<group>"; };
		A30A704E25E13DC100A9C945 /* ContentView.swift */ = {isa = PBXFileReference; lastKnownFileType = sourcecode.swift; path = ContentView.swift; sourceTree = "<group>"; };
		A30A705025E13DC300A9C945 /* Assets.xcassets */ = {isa = PBXFileReference; lastKnownFileType = folder.assetcatalog; path = Assets.xcassets; sourceTree = "<group>"; };
		A30A705325E13DC300A9C945 /* Preview Assets.xcassets */ = {isa = PBXFileReference; lastKnownFileType = folder.assetcatalog; path = "Preview Assets.xcassets"; sourceTree = "<group>"; };
		A30A705525E13DC300A9C945 /* Info.plist */ = {isa = PBXFileReference; lastKnownFileType = text.plist.xml; path = Info.plist; sourceTree = "<group>"; };
		A30A705A25E13DC300A9C945 /* PagingTweetsTests.xctest */ = {isa = PBXFileReference; explicitFileType = wrapper.cfbundle; includeInIndex = 0; path = PagingTweetsTests.xctest; sourceTree = BUILT_PRODUCTS_DIR; };
		A30A705E25E13DC300A9C945 /* PagingTweetsTests.swift */ = {isa = PBXFileReference; lastKnownFileType = sourcecode.swift; path = PagingTweetsTests.swift; sourceTree = "<group>"; };
		A30A706025E13DC300A9C945 /* Info.plist */ = {isa = PBXFileReference; lastKnownFileType = text.plist.xml; path = Info.plist; sourceTree = "<group>"; };
		A30A706525E13DC300A9C945 /* PagingTweetsUITests.xctest */ = {isa = PBXFileReference; explicitFileType = wrapper.cfbundle; includeInIndex = 0; path = PagingTweetsUITests.xctest; sourceTree = BUILT_PRODUCTS_DIR; };
		A30A706925E13DC300A9C945 /* PagingTweetsUITests.swift */ = {isa = PBXFileReference; lastKnownFileType = sourcecode.swift; path = PagingTweetsUITests.swift; sourceTree = "<group>"; };
		A30A706B25E13DC300A9C945 /* Info.plist */ = {isa = PBXFileReference; lastKnownFileType = text.plist.xml; path = Info.plist; sourceTree = "<group>"; };
		A30A707A25E13E2400A9C945 /* TweetView.swift */ = {isa = PBXFileReference; lastKnownFileType = sourcecode.swift; path = TweetView.swift; sourceTree = "<group>"; };
		A3D2721E25EEE0DF00422591 /* README.md */ = {isa = PBXFileReference; fileEncoding = 4; lastKnownFileType = net.daringfireball.markdown; name = README.md; path = ../README.md; sourceTree = "<group>"; };
		A3D2722B25EEF00C00422591 /* Tweet.swift */ = {isa = PBXFileReference; lastKnownFileType = sourcecode.swift; path = Tweet.swift; sourceTree = "<group>"; };
		A3D2723625EEF17B00422591 /* Extensions.swift */ = {isa = PBXFileReference; lastKnownFileType = sourcecode.swift; path = Extensions.swift; sourceTree = "<group>"; };
/* End PBXFileReference section */

/* Begin PBXFrameworksBuildPhase section */
		A30A704625E13DC100A9C945 /* Frameworks */ = {
			isa = PBXFrameworksBuildPhase;
			buildActionMask = 2147483647;
			files = (
				A3E90F2D25F193DE00692CD3 /* ComposableArchitecture in Frameworks */,
			);
			runOnlyForDeploymentPostprocessing = 0;
		};
		A30A705725E13DC300A9C945 /* Frameworks */ = {
			isa = PBXFrameworksBuildPhase;
			buildActionMask = 2147483647;
			files = (
			);
			runOnlyForDeploymentPostprocessing = 0;
		};
		A30A706225E13DC300A9C945 /* Frameworks */ = {
			isa = PBXFrameworksBuildPhase;
			buildActionMask = 2147483647;
			files = (
			);
			runOnlyForDeploymentPostprocessing = 0;
		};
/* End PBXFrameworksBuildPhase section */

/* Begin PBXGroup section */
		A30A704025E13DC100A9C945 = {
			isa = PBXGroup;
			children = (
				A3D2721E25EEE0DF00422591 /* README.md */,
				A30A704B25E13DC100A9C945 /* PagingTweets */,
				A30A705D25E13DC300A9C945 /* PagingTweetsTests */,
				A30A706825E13DC300A9C945 /* PagingTweetsUITests */,
				A30A704A25E13DC100A9C945 /* Products */,
			);
			sourceTree = "<group>";
		};
		A30A704A25E13DC100A9C945 /* Products */ = {
			isa = PBXGroup;
			children = (
				A30A704925E13DC100A9C945 /* PagingTweets.app */,
				A30A705A25E13DC300A9C945 /* PagingTweetsTests.xctest */,
				A30A706525E13DC300A9C945 /* PagingTweetsUITests.xctest */,
			);
			name = Products;
			sourceTree = "<group>";
		};
		A30A704B25E13DC100A9C945 /* PagingTweets */ = {
			isa = PBXGroup;
			children = (
				A30A704C25E13DC100A9C945 /* PagingTweetsApp.swift */,
				A30A704E25E13DC100A9C945 /* ContentView.swift */,
				A30A707A25E13E2400A9C945 /* TweetView.swift */,
				A3D2722B25EEF00C00422591 /* Tweet.swift */,
				A30A705025E13DC300A9C945 /* Assets.xcassets */,
				A30A705525E13DC300A9C945 /* Info.plist */,
				A30A705225E13DC300A9C945 /* Preview Content */,
				A3D2723625EEF17B00422591 /* Extensions.swift */,
			);
			path = PagingTweets;
			sourceTree = "<group>";
		};
		A30A705225E13DC300A9C945 /* Preview Content */ = {
			isa = PBXGroup;
			children = (
				A30A705325E13DC300A9C945 /* Preview Assets.xcassets */,
			);
			path = "Preview Content";
			sourceTree = "<group>";
		};
		A30A705D25E13DC300A9C945 /* PagingTweetsTests */ = {
			isa = PBXGroup;
			children = (
				A30A705E25E13DC300A9C945 /* PagingTweetsTests.swift */,
				A30A706025E13DC300A9C945 /* Info.plist */,
			);
			path = PagingTweetsTests;
			sourceTree = "<group>";
		};
		A30A706825E13DC300A9C945 /* PagingTweetsUITests */ = {
			isa = PBXGroup;
			children = (
				A30A706925E13DC300A9C945 /* PagingTweetsUITests.swift */,
				A30A706B25E13DC300A9C945 /* Info.plist */,
			);
			path = PagingTweetsUITests;
			sourceTree = "<group>";
		};
/* End PBXGroup section */

/* Begin PBXNativeTarget section */
		A30A704825E13DC100A9C945 /* PagingTweets */ = {
			isa = PBXNativeTarget;
			buildConfigurationList = A30A706E25E13DC300A9C945 /* Build configuration list for PBXNativeTarget "PagingTweets" */;
			buildPhases = (
				A30A704525E13DC100A9C945 /* Sources */,
				A30A704625E13DC100A9C945 /* Frameworks */,
				A30A704725E13DC100A9C945 /* Resources */,
			);
			buildRules = (
			);
			dependencies = (
			);
			name = PagingTweets;
			packageProductDependencies = (
				A3E90F2C25F193DE00692CD3 /* ComposableArchitecture */,
			);
			productName = PagingTweets;
			productReference = A30A704925E13DC100A9C945 /* PagingTweets.app */;
			productType = "com.apple.product-type.application";
		};
		A30A705925E13DC300A9C945 /* PagingTweetsTests */ = {
			isa = PBXNativeTarget;
			buildConfigurationList = A30A707125E13DC300A9C945 /* Build configuration list for PBXNativeTarget "PagingTweetsTests" */;
			buildPhases = (
				A30A705625E13DC300A9C945 /* Sources */,
				A30A705725E13DC300A9C945 /* Frameworks */,
				A30A705825E13DC300A9C945 /* Resources */,
			);
			buildRules = (
			);
			dependencies = (
				A30A705C25E13DC300A9C945 /* PBXTargetDependency */,
			);
			name = PagingTweetsTests;
			productName = PagingTweetsTests;
			productReference = A30A705A25E13DC300A9C945 /* PagingTweetsTests.xctest */;
			productType = "com.apple.product-type.bundle.unit-test";
		};
		A30A706425E13DC300A9C945 /* PagingTweetsUITests */ = {
			isa = PBXNativeTarget;
			buildConfigurationList = A30A707425E13DC300A9C945 /* Build configuration list for PBXNativeTarget "PagingTweetsUITests" */;
			buildPhases = (
				A30A706125E13DC300A9C945 /* Sources */,
				A30A706225E13DC300A9C945 /* Frameworks */,
				A30A706325E13DC300A9C945 /* Resources */,
			);
			buildRules = (
			);
			dependencies = (
				A30A706725E13DC300A9C945 /* PBXTargetDependency */,
			);
			name = PagingTweetsUITests;
			productName = PagingTweetsUITests;
			productReference = A30A706525E13DC300A9C945 /* PagingTweetsUITests.xctest */;
			productType = "com.apple.product-type.bundle.ui-testing";
		};
/* End PBXNativeTarget section */

/* Begin PBXProject section */
		A30A704125E13DC100A9C945 /* Project object */ = {
			isa = PBXProject;
			attributes = {
				LastSwiftUpdateCheck = 1230;
				LastUpgradeCheck = 1230;
				TargetAttributes = {
					A30A704825E13DC100A9C945 = {
						CreatedOnToolsVersion = 12.3;
					};
					A30A705925E13DC300A9C945 = {
						CreatedOnToolsVersion = 12.3;
						TestTargetID = A30A704825E13DC100A9C945;
					};
					A30A706425E13DC300A9C945 = {
						CreatedOnToolsVersion = 12.3;
						TestTargetID = A30A704825E13DC100A9C945;
					};
				};
			};
			buildConfigurationList = A30A704425E13DC100A9C945 /* Build configuration list for PBXProject "PagingTweets" */;
			compatibilityVersion = "Xcode 9.3";
			developmentRegion = en;
			hasScannedForEncodings = 0;
			knownRegions = (
				en,
				Base,
			);
			mainGroup = A30A704025E13DC100A9C945;
			packageReferences = (
				A3E90F2B25F193DE00692CD3 /* XCRemoteSwiftPackageReference "swift-composable-architecture" */,
			);
			productRefGroup = A30A704A25E13DC100A9C945 /* Products */;
			projectDirPath = "";
			projectRoot = "";
			targets = (
				A30A704825E13DC100A9C945 /* PagingTweets */,
				A30A705925E13DC300A9C945 /* PagingTweetsTests */,
				A30A706425E13DC300A9C945 /* PagingTweetsUITests */,
			);
		};
/* End PBXProject section */

/* Begin PBXResourcesBuildPhase section */
		A30A704725E13DC100A9C945 /* Resources */ = {
			isa = PBXResourcesBuildPhase;
			buildActionMask = 2147483647;
			files = (
				A3D2721F25EEE0DF00422591 /* README.md in Resources */,
				A30A705425E13DC300A9C945 /* Preview Assets.xcassets in Resources */,
				A30A705125E13DC300A9C945 /* Assets.xcassets in Resources */,
			);
			runOnlyForDeploymentPostprocessing = 0;
		};
		A30A705825E13DC300A9C945 /* Resources */ = {
			isa = PBXResourcesBuildPhase;
			buildActionMask = 2147483647;
			files = (
			);
			runOnlyForDeploymentPostprocessing = 0;
		};
		A30A706325E13DC300A9C945 /* Resources */ = {
			isa = PBXResourcesBuildPhase;
			buildActionMask = 2147483647;
			files = (
			);
			runOnlyForDeploymentPostprocessing = 0;
		};
/* End PBXResourcesBuildPhase section */

/* Begin PBXSourcesBuildPhase section */
		A30A704525E13DC100A9C945 /* Sources */ = {
			isa = PBXSourcesBuildPhase;
			buildActionMask = 2147483647;
			files = (
				A3D2723725EEF17B00422591 /* Extensions.swift in Sources */,
				A30A704F25E13DC100A9C945 /* ContentView.swift in Sources */,
				A3D2722C25EEF00D00422591 /* Tweet.swift in Sources */,
				A30A707B25E13E2400A9C945 /* TweetView.swift in Sources */,
				A30A704D25E13DC100A9C945 /* PagingTweetsApp.swift in Sources */,
			);
			runOnlyForDeploymentPostprocessing = 0;
		};
		A30A705625E13DC300A9C945 /* Sources */ = {
			isa = PBXSourcesBuildPhase;
			buildActionMask = 2147483647;
			files = (
				A30A705F25E13DC300A9C945 /* PagingTweetsTests.swift in Sources */,
			);
			runOnlyForDeploymentPostprocessing = 0;
		};
		A30A706125E13DC300A9C945 /* Sources */ = {
			isa = PBXSourcesBuildPhase;
			buildActionMask = 2147483647;
			files = (
				A30A706A25E13DC300A9C945 /* PagingTweetsUITests.swift in Sources */,
			);
			runOnlyForDeploymentPostprocessing = 0;
		};
/* End PBXSourcesBuildPhase section */

/* Begin PBXTargetDependency section */
		A30A705C25E13DC300A9C945 /* PBXTargetDependency */ = {
			isa = PBXTargetDependency;
			target = A30A704825E13DC100A9C945 /* PagingTweets */;
			targetProxy = A30A705B25E13DC300A9C945 /* PBXContainerItemProxy */;
		};
		A30A706725E13DC300A9C945 /* PBXTargetDependency */ = {
			isa = PBXTargetDependency;
			target = A30A704825E13DC100A9C945 /* PagingTweets */;
			targetProxy = A30A706625E13DC300A9C945 /* PBXContainerItemProxy */;
		};
/* End PBXTargetDependency section */

/* Begin XCBuildConfiguration section */
		A30A706C25E13DC300A9C945 /* Debug */ = {
			isa = XCBuildConfiguration;
			buildSettings = {
				ALWAYS_SEARCH_USER_PATHS = NO;
				CLANG_ANALYZER_NONNULL = YES;
				CLANG_ANALYZER_NUMBER_OBJECT_CONVERSION = YES_AGGRESSIVE;
				CLANG_CXX_LANGUAGE_STANDARD = "gnu++14";
				CLANG_CXX_LIBRARY = "libc++";
				CLANG_ENABLE_MODULES = YES;
				CLANG_ENABLE_OBJC_ARC = YES;
				CLANG_ENABLE_OBJC_WEAK = YES;
				CLANG_WARN_BLOCK_CAPTURE_AUTORELEASING = YES;
				CLANG_WARN_BOOL_CONVERSION = YES;
				CLANG_WARN_COMMA = YES;
				CLANG_WARN_CONSTANT_CONVERSION = YES;
				CLANG_WARN_DEPRECATED_OBJC_IMPLEMENTATIONS = YES;
				CLANG_WARN_DIRECT_OBJC_ISA_USAGE = YES_ERROR;
				CLANG_WARN_DOCUMENTATION_COMMENTS = YES;
				CLANG_WARN_EMPTY_BODY = YES;
				CLANG_WARN_ENUM_CONVERSION = YES;
				CLANG_WARN_INFINITE_RECURSION = YES;
				CLANG_WARN_INT_CONVERSION = YES;
				CLANG_WARN_NON_LITERAL_NULL_CONVERSION = YES;
				CLANG_WARN_OBJC_IMPLICIT_RETAIN_SELF = YES;
				CLANG_WARN_OBJC_LITERAL_CONVERSION = YES;
				CLANG_WARN_OBJC_ROOT_CLASS = YES_ERROR;
				CLANG_WARN_QUOTED_INCLUDE_IN_FRAMEWORK_HEADER = YES;
				CLANG_WARN_RANGE_LOOP_ANALYSIS = YES;
				CLANG_WARN_STRICT_PROTOTYPES = YES;
				CLANG_WARN_SUSPICIOUS_MOVE = YES;
				CLANG_WARN_UNGUARDED_AVAILABILITY = YES_AGGRESSIVE;
				CLANG_WARN_UNREACHABLE_CODE = YES;
				CLANG_WARN__DUPLICATE_METHOD_MATCH = YES;
				COPY_PHASE_STRIP = NO;
				DEBUG_INFORMATION_FORMAT = dwarf;
				ENABLE_STRICT_OBJC_MSGSEND = YES;
				ENABLE_TESTABILITY = YES;
				GCC_C_LANGUAGE_STANDARD = gnu11;
				GCC_DYNAMIC_NO_PIC = NO;
				GCC_NO_COMMON_BLOCKS = YES;
				GCC_OPTIMIZATION_LEVEL = 0;
				GCC_PREPROCESSOR_DEFINITIONS = (
					"DEBUG=1",
					"$(inherited)",
				);
				GCC_WARN_64_TO_32_BIT_CONVERSION = YES;
				GCC_WARN_ABOUT_RETURN_TYPE = YES_ERROR;
				GCC_WARN_UNDECLARED_SELECTOR = YES;
				GCC_WARN_UNINITIALIZED_AUTOS = YES_AGGRESSIVE;
				GCC_WARN_UNUSED_FUNCTION = YES;
				GCC_WARN_UNUSED_VARIABLE = YES;
				IPHONEOS_DEPLOYMENT_TARGET = 14.3;
				MTL_ENABLE_DEBUG_INFO = INCLUDE_SOURCE;
				MTL_FAST_MATH = YES;
				ONLY_ACTIVE_ARCH = YES;
				SDKROOT = iphoneos;
				SWIFT_ACTIVE_COMPILATION_CONDITIONS = DEBUG;
				SWIFT_OPTIMIZATION_LEVEL = "-Onone";
			};
			name = Debug;
		};
		A30A706D25E13DC300A9C945 /* Release */ = {
			isa = XCBuildConfiguration;
			buildSettings = {
				ALWAYS_SEARCH_USER_PATHS = NO;
				CLANG_ANALYZER_NONNULL = YES;
				CLANG_ANALYZER_NUMBER_OBJECT_CONVERSION = YES_AGGRESSIVE;
				CLANG_CXX_LANGUAGE_STANDARD = "gnu++14";
				CLANG_CXX_LIBRARY = "libc++";
				CLANG_ENABLE_MODULES = YES;
				CLANG_ENABLE_OBJC_ARC = YES;
				CLANG_ENABLE_OBJC_WEAK = YES;
				CLANG_WARN_BLOCK_CAPTURE_AUTORELEASING = YES;
				CLANG_WARN_BOOL_CONVERSION = YES;
				CLANG_WARN_COMMA = YES;
				CLANG_WARN_CONSTANT_CONVERSION = YES;
				CLANG_WARN_DEPRECATED_OBJC_IMPLEMENTATIONS = YES;
				CLANG_WARN_DIRECT_OBJC_ISA_USAGE = YES_ERROR;
				CLANG_WARN_DOCUMENTATION_COMMENTS = YES;
				CLANG_WARN_EMPTY_BODY = YES;
				CLANG_WARN_ENUM_CONVERSION = YES;
				CLANG_WARN_INFINITE_RECURSION = YES;
				CLANG_WARN_INT_CONVERSION = YES;
				CLANG_WARN_NON_LITERAL_NULL_CONVERSION = YES;
				CLANG_WARN_OBJC_IMPLICIT_RETAIN_SELF = YES;
				CLANG_WARN_OBJC_LITERAL_CONVERSION = YES;
				CLANG_WARN_OBJC_ROOT_CLASS = YES_ERROR;
				CLANG_WARN_QUOTED_INCLUDE_IN_FRAMEWORK_HEADER = YES;
				CLANG_WARN_RANGE_LOOP_ANALYSIS = YES;
				CLANG_WARN_STRICT_PROTOTYPES = YES;
				CLANG_WARN_SUSPICIOUS_MOVE = YES;
				CLANG_WARN_UNGUARDED_AVAILABILITY = YES_AGGRESSIVE;
				CLANG_WARN_UNREACHABLE_CODE = YES;
				CLANG_WARN__DUPLICATE_METHOD_MATCH = YES;
				COPY_PHASE_STRIP = NO;
				DEBUG_INFORMATION_FORMAT = "dwarf-with-dsym";
				ENABLE_NS_ASSERTIONS = NO;
				ENABLE_STRICT_OBJC_MSGSEND = YES;
				GCC_C_LANGUAGE_STANDARD = gnu11;
				GCC_NO_COMMON_BLOCKS = YES;
				GCC_WARN_64_TO_32_BIT_CONVERSION = YES;
				GCC_WARN_ABOUT_RETURN_TYPE = YES_ERROR;
				GCC_WARN_UNDECLARED_SELECTOR = YES;
				GCC_WARN_UNINITIALIZED_AUTOS = YES_AGGRESSIVE;
				GCC_WARN_UNUSED_FUNCTION = YES;
				GCC_WARN_UNUSED_VARIABLE = YES;
				IPHONEOS_DEPLOYMENT_TARGET = 14.3;
				MTL_ENABLE_DEBUG_INFO = NO;
				MTL_FAST_MATH = YES;
				SDKROOT = iphoneos;
				SWIFT_COMPILATION_MODE = wholemodule;
				SWIFT_OPTIMIZATION_LEVEL = "-O";
				VALIDATE_PRODUCT = YES;
			};
			name = Release;
		};
		A30A706F25E13DC300A9C945 /* Debug */ = {
			isa = XCBuildConfiguration;
			buildSettings = {
				ASSETCATALOG_COMPILER_APPICON_NAME = AppIcon;
				ASSETCATALOG_COMPILER_GLOBAL_ACCENT_COLOR_NAME = AccentColor;
				CODE_SIGN_STYLE = Automatic;
				DEVELOPMENT_ASSET_PATHS = "\"PagingTweets/Preview Content\"";
				DEVELOPMENT_TEAM = VLLH384AC4;
				ENABLE_PREVIEWS = YES;
				INFOPLIST_FILE = PagingTweets/Info.plist;
				IPHONEOS_DEPLOYMENT_TARGET = 14.0;
				LD_RUNPATH_SEARCH_PATHS = (
					"$(inherited)",
					"@executable_path/Frameworks",
				);
				PRODUCT_BUNDLE_IDENTIFIER = guilherme.Paciulli.PagingTweets;
				PRODUCT_NAME = "$(TARGET_NAME)";
				SWIFT_VERSION = 5.0;
				TARGETED_DEVICE_FAMILY = "1,2";
			};
			name = Debug;
		};
		A30A707025E13DC300A9C945 /* Release */ = {
			isa = XCBuildConfiguration;
			buildSettings = {
				ASSETCATALOG_COMPILER_APPICON_NAME = AppIcon;
				ASSETCATALOG_COMPILER_GLOBAL_ACCENT_COLOR_NAME = AccentColor;
				CODE_SIGN_STYLE = Automatic;
				DEVELOPMENT_ASSET_PATHS = "\"PagingTweets/Preview Content\"";
				DEVELOPMENT_TEAM = VLLH384AC4;
				ENABLE_PREVIEWS = YES;
				INFOPLIST_FILE = PagingTweets/Info.plist;
				IPHONEOS_DEPLOYMENT_TARGET = 14.0;
				LD_RUNPATH_SEARCH_PATHS = (
					"$(inherited)",
					"@executable_path/Frameworks",
				);
				PRODUCT_BUNDLE_IDENTIFIER = guilherme.Paciulli.PagingTweets;
				PRODUCT_NAME = "$(TARGET_NAME)";
				SWIFT_VERSION = 5.0;
				TARGETED_DEVICE_FAMILY = "1,2";
			};
			name = Release;
		};
		A30A707225E13DC300A9C945 /* Debug */ = {
			isa = XCBuildConfiguration;
			buildSettings = {
				ALWAYS_EMBED_SWIFT_STANDARD_LIBRARIES = YES;
				BUNDLE_LOADER = "$(TEST_HOST)";
				CODE_SIGN_STYLE = Automatic;
				DEVELOPMENT_TEAM = VLLH384AC4;
				INFOPLIST_FILE = PagingTweetsTests/Info.plist;
				IPHONEOS_DEPLOYMENT_TARGET = 14.0;
				LD_RUNPATH_SEARCH_PATHS = (
					"$(inherited)",
					"@executable_path/Frameworks",
					"@loader_path/Frameworks",
				);
				PRODUCT_BUNDLE_IDENTIFIER = guilherme.Paciulli.PagingTweetsTests;
				PRODUCT_NAME = "$(TARGET_NAME)";
				SWIFT_VERSION = 5.0;
				TARGETED_DEVICE_FAMILY = "1,2";
				TEST_HOST = "$(BUILT_PRODUCTS_DIR)/PagingTweets.app/PagingTweets";
			};
			name = Debug;
		};
		A30A707325E13DC300A9C945 /* Release */ = {
			isa = XCBuildConfiguration;
			buildSettings = {
				ALWAYS_EMBED_SWIFT_STANDARD_LIBRARIES = YES;
				BUNDLE_LOADER = "$(TEST_HOST)";
				CODE_SIGN_STYLE = Automatic;
				DEVELOPMENT_TEAM = VLLH384AC4;
				INFOPLIST_FILE = PagingTweetsTests/Info.plist;
				IPHONEOS_DEPLOYMENT_TARGET = 14.0;
				LD_RUNPATH_SEARCH_PATHS = (
					"$(inherited)",
					"@executable_path/Frameworks",
					"@loader_path/Frameworks",
				);
				PRODUCT_BUNDLE_IDENTIFIER = guilherme.Paciulli.PagingTweetsTests;
				PRODUCT_NAME = "$(TARGET_NAME)";
				SWIFT_VERSION = 5.0;
				TARGETED_DEVICE_FAMILY = "1,2";
				TEST_HOST = "$(BUILT_PRODUCTS_DIR)/PagingTweets.app/PagingTweets";
			};
			name = Release;
		};
		A30A707525E13DC300A9C945 /* Debug */ = {
			isa = XCBuildConfiguration;
			buildSettings = {
				ALWAYS_EMBED_SWIFT_STANDARD_LIBRARIES = YES;
				CODE_SIGN_STYLE = Automatic;
				DEVELOPMENT_TEAM = VLLH384AC4;
				INFOPLIST_FILE = PagingTweetsUITests/Info.plist;
				LD_RUNPATH_SEARCH_PATHS = (
					"$(inherited)",
					"@executable_path/Frameworks",
					"@loader_path/Frameworks",
				);
				PRODUCT_BUNDLE_IDENTIFIER = guilherme.Paciulli.PagingTweetsUITests;
				PRODUCT_NAME = "$(TARGET_NAME)";
				SWIFT_VERSION = 5.0;
				TARGETED_DEVICE_FAMILY = "1,2";
				TEST_TARGET_NAME = PagingTweets;
			};
			name = Debug;
		};
		A30A707625E13DC300A9C945 /* Release */ = {
			isa = XCBuildConfiguration;
			buildSettings = {
				ALWAYS_EMBED_SWIFT_STANDARD_LIBRARIES = YES;
				CODE_SIGN_STYLE = Automatic;
				DEVELOPMENT_TEAM = VLLH384AC4;
				INFOPLIST_FILE = PagingTweetsUITests/Info.plist;
				LD_RUNPATH_SEARCH_PATHS = (
					"$(inherited)",
					"@executable_path/Frameworks",
					"@loader_path/Frameworks",
				);
				PRODUCT_BUNDLE_IDENTIFIER = guilherme.Paciulli.PagingTweetsUITests;
				PRODUCT_NAME = "$(TARGET_NAME)";
				SWIFT_VERSION = 5.0;
				TARGETED_DEVICE_FAMILY = "1,2";
				TEST_TARGET_NAME = PagingTweets;
			};
			name = Release;
		};
/* End XCBuildConfiguration section */

/* Begin XCConfigurationList section */
		A30A704425E13DC100A9C945 /* Build configuration list for PBXProject "PagingTweets" */ = {
			isa = XCConfigurationList;
			buildConfigurations = (
				A30A706C25E13DC300A9C945 /* Debug */,
				A30A706D25E13DC300A9C945 /* Release */,
			);
			defaultConfigurationIsVisible = 0;
			defaultConfigurationName = Release;
		};
		A30A706E25E13DC300A9C945 /* Build configuration list for PBXNativeTarget "PagingTweets" */ = {
			isa = XCConfigurationList;
			buildConfigurations = (
				A30A706F25E13DC300A9C945 /* Debug */,
				A30A707025E13DC300A9C945 /* Release */,
			);
			defaultConfigurationIsVisible = 0;
			defaultConfigurationName = Release;
		};
		A30A707125E13DC300A9C945 /* Build configuration list for PBXNativeTarget "PagingTweetsTests" */ = {
			isa = XCConfigurationList;
			buildConfigurations = (
				A30A707225E13DC300A9C945 /* Debug */,
				A30A707325E13DC300A9C945 /* Release */,
			);
			defaultConfigurationIsVisible = 0;
			defaultConfigurationName = Release;
		};
		A30A707425E13DC300A9C945 /* Build configuration list for PBXNativeTarget "PagingTweetsUITests" */ = {
			isa = XCConfigurationList;
			buildConfigurations = (
				A30A707525E13DC300A9C945 /* Debug */,
				A30A707625E13DC300A9C945 /* Release */,
			);
			defaultConfigurationIsVisible = 0;
			defaultConfigurationName = Release;
		};
/* End XCConfigurationList section */

/* Begin XCRemoteSwiftPackageReference section */
		A3E90F2B25F193DE00692CD3 /* XCRemoteSwiftPackageReference "swift-composable-architecture" */ = {
			isa = XCRemoteSwiftPackageReference;
			repositoryURL = "https://github.com/pointfreeco/swift-composable-architecture";
			requirement = {
				kind = upToNextMajorVersion;
				minimumVersion = 0.15.0;
			};
		};
/* End XCRemoteSwiftPackageReference section */

/* Begin XCSwiftPackageProductDependency section */
		A3E90F2C25F193DE00692CD3 /* ComposableArchitecture */ = {
			isa = XCSwiftPackageProductDependency;
			package = A3E90F2B25F193DE00692CD3 /* XCRemoteSwiftPackageReference "swift-composable-architecture" */;
			productName = ComposableArchitecture;
		};
/* End XCSwiftPackageProductDependency section */
	};
	rootObject = A30A704125E13DC100A9C945 /* Project object */;
}
